// !$*UTF8*$!
{
	archiveVersion = 1;
	classes = {
	};
	objectVersion = 46;
	objects = {

/* Begin PBXBuildFile section */
		2A9235D30E2FB5D2001EA6E3 /* Main.cpp in Sources */ = {isa = PBXBuildFile; fileRef = 2A9235CD0E2FB5D2001EA6E3 /* Main.cpp */; };
		2A9235D40E2FB5D2001EA6E3 /* Plugin.cpp in Sources */ = {isa = PBXBuildFile; fileRef = 2A9235CE0E2FB5D2001EA6E3 /* Plugin.cpp */; };
		2A9235D70E2FB5D2001EA6E3 /* Suites.cpp in Sources */ = {isa = PBXBuildFile; fileRef = 2A9235D10E2FB5D2001EA6E3 /* Suites.cpp */; };
		2A9235DD0E2FB5EC001EA6E3 /* IAIUnicodeString.cpp in Sources */ = {isa = PBXBuildFile; fileRef = 2A9235DA0E2FB5EC001EA6E3 /* IAIUnicodeString.cpp */; };
		2AE03E3E0CF6F76A00C6B585 /* IllustratorSDK.cpp in Sources */ = {isa = PBXBuildFile; fileRef = 2AE03E3D0CF6F76A00C6B585 /* IllustratorSDK.cpp */; };
		3902453C1FF4B54E006BF28A /* BleedPlugin.h in Headers */ = {isa = PBXBuildFile; fileRef = 3902453A1FF4B54E006BF28A /* BleedPlugin.h */; };
		3902453D1FF4B54E006BF28A /* BleedSuites.h in Headers */ = {isa = PBXBuildFile; fileRef = 3902453B1FF4B54E006BF28A /* BleedSuites.h */; };
		3902453F1FF4B62C006BF28A /* IAIStringFormatUtils.cpp in Sources */ = {isa = PBXBuildFile; fileRef = 3902453E1FF4B62C006BF28A /* IAIStringFormatUtils.cpp */; };
		396D117620004A7F00D62711 /* AppContext.cpp in Sources */ = {isa = PBXBuildFile; fileRef = 396D117520004A7F00D62711 /* AppContext.cpp */; };
		9EDB757314236C3000C4EBAC /* BleedID.h in Headers */ = {isa = PBXBuildFile; fileRef = 9EDB757214236C3000C4EBAC /* BleedID.h */; };
		C4857ED713398B3C00E71AD9 /* BleedPlugin.cpp in Sources */ = {isa = PBXBuildFile; fileRef = C4857ED513398B3C00E71AD9 /* BleedPlugin.cpp */; settings = {COMPILER_FLAGS = "-x objective-c++"; }; };
		C4857ED813398B3C00E71AD9 /* BleedSuites.cpp in Sources */ = {isa = PBXBuildFile; fileRef = C4857ED613398B3C00E71AD9 /* BleedSuites.cpp */; };
		C4857EF313398CF700E71AD9 /* Bleed.r in Rez */ = {isa = PBXBuildFile; fileRef = C4857EF213398CF700E71AD9 /* Bleed.r */; };
		C4A3F955134C5AA500128D2D /* Cocoa.framework in Frameworks */ = {isa = PBXBuildFile; fileRef = C4A3F954134C5AA500128D2D /* Cocoa.framework */; };
/* End PBXBuildFile section */

/* Begin PBXFileReference section */
		2A9235CD0E2FB5D2001EA6E3 /* Main.cpp */ = {isa = PBXFileReference; fileEncoding = 30; lastKnownFileType = sourcecode.cpp.cpp; name = Main.cpp; path = ../common/source/Main.cpp; sourceTree = SOURCE_ROOT; };
		2A9235CE0E2FB5D2001EA6E3 /* Plugin.cpp */ = {isa = PBXFileReference; fileEncoding = 30; lastKnownFileType = sourcecode.cpp.cpp; name = Plugin.cpp; path = ../common/source/Plugin.cpp; sourceTree = SOURCE_ROOT; };
		2A9235D10E2FB5D2001EA6E3 /* Suites.cpp */ = {isa = PBXFileReference; fileEncoding = 30; lastKnownFileType = sourcecode.cpp.cpp; name = Suites.cpp; path = ../common/source/Suites.cpp; sourceTree = SOURCE_ROOT; };
		2A9235DA0E2FB5EC001EA6E3 /* IAIUnicodeString.cpp */ = {isa = PBXFileReference; fileEncoding = 30; lastKnownFileType = sourcecode.cpp.cpp; name = IAIUnicodeString.cpp; path = ../../illustratorapi/illustrator/IAIUnicodeString.cpp; sourceTree = SOURCE_ROOT; };
		2AE03E3D0CF6F76A00C6B585 /* IllustratorSDK.cpp */ = {isa = PBXFileReference; fileEncoding = 30; lastKnownFileType = sourcecode.cpp.cpp; name = IllustratorSDK.cpp; path = ../common/source/IllustratorSDK.cpp; sourceTree = SOURCE_ROOT; };
		3902453A1FF4B54E006BF28A /* BleedPlugin.h */ = {isa = PBXFileReference; fileEncoding = 4; lastKnownFileType = sourcecode.c.h; name = BleedPlugin.h; path = Source/BleedPlugin.h; sourceTree = "<group>"; };
		3902453B1FF4B54E006BF28A /* BleedSuites.h */ = {isa = PBXFileReference; fileEncoding = 4; lastKnownFileType = sourcecode.c.h; name = BleedSuites.h; path = Source/BleedSuites.h; sourceTree = "<group>"; };
		3902453E1FF4B62C006BF28A /* IAIStringFormatUtils.cpp */ = {isa = PBXFileReference; fileEncoding = 4; lastKnownFileType = sourcecode.cpp.cpp; name = IAIStringFormatUtils.cpp; path = ../../illustratorapi/illustrator/IAIStringFormatUtils.cpp; sourceTree = "<group>"; };
		396D117520004A7F00D62711 /* AppContext.cpp */ = {isa = PBXFileReference; fileEncoding = 4; lastKnownFileType = sourcecode.cpp.cpp; name = AppContext.cpp; path = ../common/source/AppContext.cpp; sourceTree = "<group>"; };
		6EE2BA530A40BB2600CC7CE2 /* Bleed.aip */ = {isa = PBXFileReference; explicitFileType = wrapper.cfbundle; includeInIndex = 0; path = Bleed.aip; sourceTree = BUILT_PRODUCTS_DIR; };
		9EDB757214236C3000C4EBAC /* BleedID.h */ = {isa = PBXFileReference; fileEncoding = 4; lastKnownFileType = sourcecode.c.h; name = BleedID.h; path = Source/BleedID.h; sourceTree = "<group>"; };
		C4857ED513398B3C00E71AD9 /* BleedPlugin.cpp */ = {isa = PBXFileReference; fileEncoding = 4; lastKnownFileType = sourcecode.cpp.cpp; name = BleedPlugin.cpp; path = Source/BleedPlugin.cpp; sourceTree = "<group>"; };
		C4857ED613398B3C00E71AD9 /* BleedSuites.cpp */ = {isa = PBXFileReference; fileEncoding = 4; lastKnownFileType = sourcecode.cpp.cpp; name = BleedSuites.cpp; path = Source/BleedSuites.cpp; sourceTree = "<group>"; };
		C4857EF213398CF700E71AD9 /* Bleed.r */ = {isa = PBXFileReference; fileEncoding = 4; lastKnownFileType = sourcecode.rez; name = Bleed.r; path = Resources/Mac/Bleed.r; sourceTree = "<group>"; };
		C4A3F954134C5AA500128D2D /* Cocoa.framework */ = {isa = PBXFileReference; lastKnownFileType = wrapper.framework; name = Cocoa.framework; path = /System/Library/Frameworks/Cocoa.framework; sourceTree = "<absolute>"; };
/* End PBXFileReference section */

/* Begin PBXFrameworksBuildPhase section */
		508817D209F0C9AD0071BF1A /* Frameworks */ = {
			isa = PBXFrameworksBuildPhase;
			buildActionMask = 2147483647;
			files = (
				C4A3F955134C5AA500128D2D /* Cocoa.framework in Frameworks */,
			);
			runOnlyForDeploymentPostprocessing = 0;
		};
/* End PBXFrameworksBuildPhase section */

/* Begin PBXGroup section */
		2A7772AA0BE6387700A9D493 /* Shared */ = {
			isa = PBXGroup;
			children = (
				396D117520004A7F00D62711 /* AppContext.cpp */,
				3902453E1FF4B62C006BF28A /* IAIStringFormatUtils.cpp */,
				2A9235DA0E2FB5EC001EA6E3 /* IAIUnicodeString.cpp */,
				2A9235CD0E2FB5D2001EA6E3 /* Main.cpp */,
				2A9235CE0E2FB5D2001EA6E3 /* Plugin.cpp */,
				2A9235D10E2FB5D2001EA6E3 /* Suites.cpp */,
				2AE03E3D0CF6F76A00C6B585 /* IllustratorSDK.cpp */,
			);
			name = Shared;
			sourceTree = "<group>";
		};
		2AE97C910BBC0FAB0041212F /* Sources */ = {
			isa = PBXGroup;
			children = (
				3902453A1FF4B54E006BF28A /* BleedPlugin.h */,
				3902453B1FF4B54E006BF28A /* BleedSuites.h */,
				9EDB757214236C3000C4EBAC /* BleedID.h */,
				C4857ED513398B3C00E71AD9 /* BleedPlugin.cpp */,
				C4857ED613398B3C00E71AD9 /* BleedSuites.cpp */,
				2A7772AA0BE6387700A9D493 /* Shared */,
			);
			name = Sources;
			sourceTree = "<group>";
		};
		508817C209F0C9740071BF1A = {
			isa = PBXGroup;
			children = (
				C4A3F94D134C5A7F00128D2D /* Libraries */,
				2AE97C910BBC0FAB0041212F /* Sources */,
				6EE2BA590A40BDD300CC7CE2 /* Resources */,
				508817D509F0C9AD0071BF1A /* Products */,
			);
			sourceTree = "<group>";
		};
		508817D509F0C9AD0071BF1A /* Products */ = {
			isa = PBXGroup;
			children = (
				6EE2BA530A40BB2600CC7CE2 /* Bleed.aip */,
			);
			name = Products;
			sourceTree = "<group>";
		};
		6EE2BA590A40BDD300CC7CE2 /* Resources */ = {
			isa = PBXGroup;
			children = (
				C4857EF213398CF700E71AD9 /* Bleed.r */,
			);
			name = Resources;
			sourceTree = "<group>";
		};
		C4A3F94D134C5A7F00128D2D /* Libraries */ = {
			isa = PBXGroup;
			children = (
				C4A3F954134C5AA500128D2D /* Cocoa.framework */,
			);
			name = Libraries;
			sourceTree = "<group>";
		};
/* End PBXGroup section */

/* Begin PBXHeadersBuildPhase section */
		6EE2BA0A0A40B76300CC7CE2 /* Headers */ = {
			isa = PBXHeadersBuildPhase;
			buildActionMask = 2147483647;
			files = (
				9EDB757314236C3000C4EBAC /* BleedID.h in Headers */,
				3902453D1FF4B54E006BF28A /* BleedSuites.h in Headers */,
				3902453C1FF4B54E006BF28A /* BleedPlugin.h in Headers */,
			);
			runOnlyForDeploymentPostprocessing = 0;
		};
/* End PBXHeadersBuildPhase section */

/* Begin PBXNativeTarget section */
		508817D309F0C9AD0071BF1A /* Bleed */ = {
			isa = PBXNativeTarget;
			buildConfigurationList = 508817D709F0C9AE0071BF1A /* Build configuration list for PBXNativeTarget "Bleed" */;
			buildPhases = (
				6EE2BA0A0A40B76300CC7CE2 /* Headers */,
				508817D109F0C9AD0071BF1A /* Sources */,
				508817D009F0C9AD0071BF1A /* Resources */,
				508817D209F0C9AD0071BF1A /* Frameworks */,
				6EE2BA0C0A40B77400CC7CE2 /* Rez */,
			);
			buildRules = (
			);
			dependencies = (
			);
			name = Bleed;
			productName = ScriptMessage;
			productReference = 6EE2BA530A40BB2600CC7CE2 /* Bleed.aip */;
			productType = "com.apple.product-type.bundle";
		};
/* End PBXNativeTarget section */

/* Begin PBXProject section */
		508817C409F0C9740071BF1A /* Project object */ = {
			isa = PBXProject;
			attributes = {
				LastUpgradeCheck = 0620;
			};
			buildConfigurationList = 508817C509F0C9740071BF1A /* Build configuration list for PBXProject "Bleed" */;
			compatibilityVersion = "Xcode 3.2";
			developmentRegion = English;
			hasScannedForEncodings = 0;
			knownRegions = (
				English,
				Japanese,
				French,
				German,
			);
			mainGroup = 508817C209F0C9740071BF1A;
			productRefGroup = 508817D509F0C9AD0071BF1A /* Products */;
			projectDirPath = "";
			projectRoot = "";
			targets = (
				508817D309F0C9AD0071BF1A /* Bleed */,
			);
		};
/* End PBXProject section */

/* Begin PBXResourcesBuildPhase section */
		508817D009F0C9AD0071BF1A /* Resources */ = {
			isa = PBXResourcesBuildPhase;
			buildActionMask = 2147483647;
			files = (
			);
			runOnlyForDeploymentPostprocessing = 0;
		};
/* End PBXResourcesBuildPhase section */

/* Begin PBXRezBuildPhase section */
		6EE2BA0C0A40B77400CC7CE2 /* Rez */ = {
			isa = PBXRezBuildPhase;
			buildActionMask = 2147483647;
			files = (
				C4857EF313398CF700E71AD9 /* Bleed.r in Rez */,
			);
			runOnlyForDeploymentPostprocessing = 0;
		};
/* End PBXRezBuildPhase section */

/* Begin PBXSourcesBuildPhase section */
		508817D109F0C9AD0071BF1A /* Sources */ = {
			isa = PBXSourcesBuildPhase;
			buildActionMask = 2147483647;
			files = (
				2AE03E3E0CF6F76A00C6B585 /* IllustratorSDK.cpp in Sources */,
				2A9235D30E2FB5D2001EA6E3 /* Main.cpp in Sources */,
				2A9235D40E2FB5D2001EA6E3 /* Plugin.cpp in Sources */,
				396D117620004A7F00D62711 /* AppContext.cpp in Sources */,
				2A9235D70E2FB5D2001EA6E3 /* Suites.cpp in Sources */,
				2A9235DD0E2FB5EC001EA6E3 /* IAIUnicodeString.cpp in Sources */,
				C4857ED713398B3C00E71AD9 /* BleedPlugin.cpp in Sources */,
				3902453F1FF4B62C006BF28A /* IAIStringFormatUtils.cpp in Sources */,
				C4857ED813398B3C00E71AD9 /* BleedSuites.cpp in Sources */,
			);
			runOnlyForDeploymentPostprocessing = 0;
		};
/* End PBXSourcesBuildPhase section */

/* Begin XCBuildConfiguration section */
		508817C609F0C9740071BF1A /* debug */ = {
			isa = XCBuildConfiguration;
			buildSettings = {
				AI_CONFIGURATION = debug;
				AI_LOCALE = en_US;
				AI_PLATFORM = xcode;
				ALWAYS_SEARCH_USER_PATHS = NO;
				CONFIGURATION_BUILD_DIR = "./../output/mac/$(AI_CONFIGURATION)";
				CONFIGURATION_TEMP_DIR = "$(PROJECT_TEMP_DIR)/Default";
				COPY_PHASE_STRIP = YES;
				DEAD_CODE_STRIPPING = YES;
				DEBUG_INFORMATION_FORMAT = dwarf;
				DSTROOT = "/tmp/$(PROJECT_NAME).dst";
				EXPORTED_SYMBOLS_FILE = "";
				FRAMEWORK_SEARCH_PATHS = "$(FRAMEWORK_SEARCH_PATHS_QUOTED_1)";
				GCC_DEBUGGING_SYMBOLS = used;
				GCC_INCREASE_PRECOMPILED_HEADER_SHARING = YES;
				GCC_INPUT_FILETYPE = sourcecode.cpp.cpp;
				GCC_OPTIMIZATION_LEVEL = 0;
				GCC_PRECOMPILE_PREFIX_HEADER = YES;
				GCC_PREFIX_HEADER = "./../common/includes/IllustratorSDK$(AI_CONFIGURATION).pch";
				GCC_SYMBOLS_PRIVATE_EXTERN = YES;
				GCC_WARN_ABOUT_MISSING_PROTOTYPES = YES;
				GCC_WARN_UNKNOWN_PRAGMAS = YES;
				GCC_WARN_UNUSED_VARIABLE = YES;
				GENERATE_PKGINFO_FILE = YES;
				HEADER_SEARCH_PATHS = (
					"./../../illustratorapi/**",
					"/Developer/Headers/FlatCarbon/**",
					"./**",
					"./../common/**",
				);
				INFOPLIST_FILE = ../common/mac/Info.plist;
				INFOPLIST_PREFIX_HEADER = ../common/includes/SDKDef.h;
				INFOPLIST_PREPROCESS = YES;
				LIBRARY_SEARCH_PATHS = "";
				MACOSX_DEPLOYMENT_TARGET = 10.9;
				OBJROOT = .;
				ONLY_LINK_ESSENTIAL_SYMBOLS = YES;
				OTHER_LDFLAGS = "";
				PREBINDING = NO;
				PRECOMPS_INCLUDE_HEADERS_FROM_BUILT_PRODUCTS_DIR = NO;
				PRESERVE_DEAD_CODE_INITS_AND_TERMS = NO;
				PRODUCT_NAME = Bleed;
				PROJECTNAME = Bleed;
				REZ_SEARCH_PATHS = "";
				SCAN_ALL_SOURCE_FILES_FOR_INCLUDES = YES;
				SDKROOT = macosx10.9;
				SEPARATE_STRIP = NO;
				SHARED_PRECOMPS_DIR = "./../output/mac/sharedprecompiledheaders/$(AI_CONFIGURATION)";
				SKIP_INSTALL = NO;
				STRIP_INSTALLED_PRODUCT = YES;
				STRIP_STYLE = all;
				SYMROOT = "./../output/mac/$(AI_CONFIGURATION)";
				VALID_ARCHS = x86_64;
				WRAPPER_EXTENSION = aip;
				ZERO_LINK = NO;
			};
			name = debug;
		};
		508817C709F0C9740071BF1A /* release */ = {
			isa = XCBuildConfiguration;
			buildSettings = {
				AI_CONFIGURATION = release;
				AI_LOCALE = en_US;
				AI_PLATFORM = xcode;
				ALWAYS_SEARCH_USER_PATHS = NO;
				CONFIGURATION_BUILD_DIR = "./../output/mac/$(AI_CONFIGURATION)";
				CONFIGURATION_TEMP_DIR = "$(PROJECT_TEMP_DIR)/Default";
				COPY_PHASE_STRIP = YES;
				DEAD_CODE_STRIPPING = YES;
				DEBUG_INFORMATION_FORMAT = dwarf;
				DSTROOT = "/tmp/$(PROJECT_NAME).dst";
				EXPORTED_SYMBOLS_FILE = "";
				FRAMEWORK_SEARCH_PATHS = "$(FRAMEWORK_SEARCH_PATHS_QUOTED_1)";
				GCC_DEBUGGING_SYMBOLS = used;
				GCC_INCREASE_PRECOMPILED_HEADER_SHARING = YES;
				GCC_INPUT_FILETYPE = sourcecode.cpp.cpp;
				GCC_OPTIMIZATION_LEVEL = 3;
				GCC_PRECOMPILE_PREFIX_HEADER = YES;
				GCC_PREFIX_HEADER = "./../common/includes/IllustratorSDK$(AI_CONFIGURATION).pch";
				GCC_SYMBOLS_PRIVATE_EXTERN = YES;
				GCC_WARN_ABOUT_MISSING_PROTOTYPES = YES;
				GCC_WARN_UNKNOWN_PRAGMAS = YES;
				GCC_WARN_UNUSED_VARIABLE = YES;
				GENERATE_PKGINFO_FILE = YES;
				HEADER_SEARCH_PATHS = (
					"./../../illustratorapi/**",
					"/Developer/Headers/FlatCarbon/**",
					"./**",
					"./../common/**",
				);
				INFOPLIST_FILE = ../common/mac/Info.plist;
				INFOPLIST_PREFIX_HEADER = ../common/includes/SDKDef.h;
				INFOPLIST_PREPROCESS = YES;
				LIBRARY_SEARCH_PATHS = "";
				MACOSX_DEPLOYMENT_TARGET = 10.9;
				OBJROOT = .;
				ONLY_LINK_ESSENTIAL_SYMBOLS = YES;
				OTHER_LDFLAGS = "";
				PREBINDING = NO;
				PRECOMPS_INCLUDE_HEADERS_FROM_BUILT_PRODUCTS_DIR = NO;
				PRESERVE_DEAD_CODE_INITS_AND_TERMS = NO;
				PRODUCT_NAME = Bleed;
				PROJECTNAME = Bleed;
				REZ_SEARCH_PATHS = "";
				SCAN_ALL_SOURCE_FILES_FOR_INCLUDES = YES;
				SDKROOT = macosx10.9;
				SEPARATE_STRIP = NO;
				SHARED_PRECOMPS_DIR = "./../output/mac/sharedprecompiledheaders/$(AI_CONFIGURATION)";
				SKIP_INSTALL = NO;
				STRIP_INSTALLED_PRODUCT = YES;
				STRIP_STYLE = all;
				SYMROOT = "./../output/mac/$(AI_CONFIGURATION)";
				VALID_ARCHS = x86_64;
				WRAPPER_EXTENSION = aip;
				ZERO_LINK = NO;
			};
			name = release;
		};
		508817D809F0C9AE0071BF1A /* debug */ = {
			isa = XCBuildConfiguration;
			buildSettings = {
				COMBINE_HIDPI_IMAGES = YES;
				GCC_VERSION = "";
				GCC_WARN_ABOUT_MISSING_PROTOTYPES = NO;
				MACOSX_DEPLOYMENT_TARGET = 10.9;
				PRODUCT_NAME = Bleed;
				SDKROOT = macosx10.9;
				STRIP_STYLE = "non-global";
				VALID_ARCHS = x86_64;
			};
			name = debug;
		};
		508817D909F0C9AE0071BF1A /* release */ = {
			isa = XCBuildConfiguration;
			buildSettings = {
				COMBINE_HIDPI_IMAGES = YES;
				GCC_VERSION = "";
				GCC_WARN_ABOUT_MISSING_PROTOTYPES = NO;
				MACOSX_DEPLOYMENT_TARGET = 10.9;
				PRODUCT_NAME = Bleed;
				SDKROOT = macosx10.9;
				STRIP_STYLE = "non-global";
				VALID_ARCHS = x86_64;
			};
			name = release;
		};
/* End XCBuildConfiguration section */

/* Begin XCConfigurationList section */
		508817C509F0C9740071BF1A /* Build configuration list for PBXProject "Bleed" */ = {
			isa = XCConfigurationList;
			buildConfigurations = (
				508817C609F0C9740071BF1A /* debug */,
				508817C709F0C9740071BF1A /* release */,
			);
			defaultConfigurationIsVisible = 0;
			defaultConfigurationName = debug;
		};
		508817D709F0C9AE0071BF1A /* Build configuration list for PBXNativeTarget "Bleed" */ = {
			isa = XCConfigurationList;
			buildConfigurations = (
				508817D809F0C9AE0071BF1A /* debug */,
				508817D909F0C9AE0071BF1A /* release */,
			);
			defaultConfigurationIsVisible = 0;
			defaultConfigurationName = debug;
		};
/* End XCConfigurationList section */
	};
	rootObject = 508817C409F0C9740071BF1A /* Project object */;
}
